{
  "name": "ags-config",
  "version": "1.0.0",
  "lockfileVersion": 3,
  "requires": true,
  "packages": {
    "": {
      "name": "ags-config",
      "version": "1.0.0",
      "devDependencies": {
        "@biomejs/biome": "1.4.1",
        "@girs/dbusmenugtk3-0.4": "^0.4.0-3.2.0",
        "@girs/gobject-2.0": "^2.76.1-3.2.3",
        "@girs/gtk-3.0": "^3.24.39-3.2.2",
        "@girs/gvc-1.0": "^1.0.0-3.1.0",
        "@girs/nm-1.0": "^1.43.1-3.1.0",
        "prettier": "3.1.1"
      }
    },
    "node_modules/@biomejs/biome": {
      "version": "1.4.1",
      "resolved": "https://registry.npmjs.org/@biomejs/biome/-/biome-1.4.1.tgz",
      "integrity": "sha512-JccVAwPbhi37pdxbAGmaOBjUTKEwEjWAhl7rKkVVuXHo4MLASXJ5HR8BTgrImi4/7rTBsGz1tgVD1Kwv1CHGRg==",
      "dev": true,
      "hasInstallScript": true,
      "bin": {
        "biome": "bin/biome"
      },
      "engines": {
        "node": ">=14.*"
      },
      "funding": {
        "type": "opencollective",
        "url": "https://opencollective.com/biome"
      },
      "optionalDependencies": {
        "@biomejs/cli-darwin-arm64": "1.4.1",
        "@biomejs/cli-darwin-x64": "1.4.1",
        "@biomejs/cli-linux-arm64": "1.4.1",
        "@biomejs/cli-linux-x64": "1.4.1",
        "@biomejs/cli-win32-arm64": "1.4.1",
        "@biomejs/cli-win32-x64": "1.4.1"
      }
    },
    "node_modules/@biomejs/cli-darwin-arm64": {
      "version": "1.4.1",
      "resolved": "https://registry.npmjs.org/@biomejs/cli-darwin-arm64/-/cli-darwin-arm64-1.4.1.tgz",
      "integrity": "sha512-PZWy2Idndqux38p6AXSDQM2ldRAWi32bvb7bMbTN0ALzpWYMYnxd71ornatumSSJYoNhKmxzDLq+jct7nZJ79w==",
      "cpu": [
        "arm64"
      ],
      "dev": true,
      "optional": true,
      "os": [
        "darwin"
      ],
      "engines": {
        "node": ">=14.*"
      }
    },
    "node_modules/@biomejs/cli-darwin-x64": {
      "version": "1.4.1",
      "resolved": "https://registry.npmjs.org/@biomejs/cli-darwin-x64/-/cli-darwin-x64-1.4.1.tgz",
      "integrity": "sha512-soj3BWhnsM1M2JlzR09cibUzG1owJqetwj/Oo7yg0foijo9lNH9XWXZfJBYDKgW/6Fomn+CC2EcUS+hisQzt9g==",
      "cpu": [
        "x64"
      ],
      "dev": true,
      "optional": true,
      "os": [
        "darwin"
      ],
      "engines": {
        "node": ">=14.*"
      }
    },
    "node_modules/@biomejs/cli-linux-arm64": {
      "version": "1.4.1",
      "resolved": "https://registry.npmjs.org/@biomejs/cli-linux-arm64/-/cli-linux-arm64-1.4.1.tgz",
      "integrity": "sha512-YIZqfJUg4F+fPsBTXxgD7EU2E5OAYbmYSl/snf4PevwfQCWE/omOFZv+NnIQmjYj9I7ParDgcJvanoA3/kO0JQ==",
      "cpu": [
        "arm64"
      ],
      "dev": true,
      "optional": true,
      "os": [
        "linux"
      ],
      "engines": {
        "node": ">=14.*"
      }
    },
    "node_modules/@biomejs/cli-linux-x64": {
      "version": "1.4.1",
      "resolved": "https://registry.npmjs.org/@biomejs/cli-linux-x64/-/cli-linux-x64-1.4.1.tgz",
      "integrity": "sha512-9YOZw3qBd/KUj63A6Hn2zZgzGb2nbESM0qNmeMXgmqinVKM//uc4OgY5TuKITuGjMSvcVxxd4dX1IzYjV9qvNQ==",
      "cpu": [
        "x64"
      ],
      "dev": true,
      "optional": true,
      "os": [
        "linux"
      ],
      "engines": {
        "node": ">=14.*"
      }
    },
    "node_modules/@biomejs/cli-win32-arm64": {
      "version": "1.4.1",
      "resolved": "https://registry.npmjs.org/@biomejs/cli-win32-arm64/-/cli-win32-arm64-1.4.1.tgz",
      "integrity": "sha512-nWQbvkNKxYn/kCQ0yVF8kCaS3VzaGvtFSmItXiMknU4521LDjJ7tNWH12Gol+pIslrCbd4E1LhJa0a3ThRsBVg==",
      "cpu": [
        "arm64"
      ],
      "dev": true,
      "optional": true,
      "os": [
        "win32"
      ],
      "engines": {
        "node": ">=14.*"
      }
    },
    "node_modules/@biomejs/cli-win32-x64": {
      "version": "1.4.1",
      "resolved": "https://registry.npmjs.org/@biomejs/cli-win32-x64/-/cli-win32-x64-1.4.1.tgz",
      "integrity": "sha512-88fR2CQxQ4YLs2BUDuywWYQpUKgU3A3sTezANFc/4LGKQFFLV2yX+F7QAdZVkMHfA+RD9Xg178HomM/6mnTNPA==",
      "cpu": [
        "x64"
      ],
      "dev": true,
      "optional": true,
      "os": [
        "win32"
      ],
      "engines": {
        "node": ">=14.*"
      }
    },
    "node_modules/@girs/atk-1.0": {
      "version": "2.50.0-3.2.6",
      "resolved": "https://registry.npmjs.org/@girs/atk-1.0/-/atk-1.0-2.50.0-3.2.6.tgz",
      "integrity": "sha512-u6aXdrD4za3F8w3lSsXOGnmaOsonr5WzbMVawIaYdzyni+0GTZWUoAsmPeELFSXybRJY7zAJuIho1F0nO030KQ==",
      "dev": true,
      "dependencies": {
        "@girs/gjs": "^3.2.6",
        "@girs/glib-2.0": "^2.78.0-3.2.6",
        "@girs/gobject-2.0": "^2.78.0-3.2.6"
      }
    },
    "node_modules/@girs/atk-1.0/node_modules/@girs/gobject-2.0": {
      "version": "2.78.0-3.2.6",
      "resolved": "https://registry.npmjs.org/@girs/gobject-2.0/-/gobject-2.0-2.78.0-3.2.6.tgz",
      "integrity": "sha512-Yyy+hTpczMgkdgVADnSt4idEa29ZKFIbQTHjZutsUkn2kF3fxQMD7fQUpr03d0DSXY7gLKMwDtXq4XkH4cy0lg==",
      "dev": true,
      "dependencies": {
        "@girs/gjs": "^3.2.6",
        "@girs/glib-2.0": "^2.78.0-3.2.6"
      }
    },
    "node_modules/@girs/cairo-1.0": {
      "version": "1.0.0-3.2.6",
      "resolved": "https://registry.npmjs.org/@girs/cairo-1.0/-/cairo-1.0-1.0.0-3.2.6.tgz",
      "integrity": "sha512-cQa1/DpWc3bysBVZlvQCPQXRTFGQQk89iVQe3aU3hLK4NpTSIZrgx0DpIfgR0/mgwGZOFpJyN4eZC63JXZlZnw==",
      "dev": true,
      "dependencies": {
        "@girs/gjs": "^3.2.6",
        "@girs/glib-2.0": "^2.78.0-3.2.6",
        "@girs/gobject-2.0": "^2.78.0-3.2.6"
      }
    },
    "node_modules/@girs/cairo-1.0/node_modules/@girs/gobject-2.0": {
      "version": "2.78.0-3.2.6",
      "resolved": "https://registry.npmjs.org/@girs/gobject-2.0/-/gobject-2.0-2.78.0-3.2.6.tgz",
      "integrity": "sha512-Yyy+hTpczMgkdgVADnSt4idEa29ZKFIbQTHjZutsUkn2kF3fxQMD7fQUpr03d0DSXY7gLKMwDtXq4XkH4cy0lg==",
      "dev": true,
      "dependencies": {
        "@girs/gjs": "^3.2.6",
        "@girs/glib-2.0": "^2.78.0-3.2.6"
      }
    },
    "node_modules/@girs/dbusmenu-0.4": {
      "version": "0.4.0-3.2.6",
      "resolved": "https://registry.npmjs.org/@girs/dbusmenu-0.4/-/dbusmenu-0.4-0.4.0-3.2.6.tgz",
      "integrity": "sha512-cXKAX2QAErVvC71eRiC4MMO5wG9YLFzHcvaptTCTjsQhYovjwNoR2ftpIuKa+4mD+WdteTBOE74Cqov4DAniOw==",
      "dev": true,
      "dependencies": {
        "@girs/gjs": "^3.2.6",
        "@girs/glib-2.0": "^2.78.0-3.2.6",
        "@girs/gobject-2.0": "^2.78.0-3.2.6"
      }
    },
    "node_modules/@girs/dbusmenu-0.4/node_modules/@girs/gobject-2.0": {
      "version": "2.78.0-3.2.6",
      "resolved": "https://registry.npmjs.org/@girs/gobject-2.0/-/gobject-2.0-2.78.0-3.2.6.tgz",
      "integrity": "sha512-Yyy+hTpczMgkdgVADnSt4idEa29ZKFIbQTHjZutsUkn2kF3fxQMD7fQUpr03d0DSXY7gLKMwDtXq4XkH4cy0lg==",
      "dev": true,
      "dependencies": {
        "@girs/gjs": "^3.2.6",
        "@girs/glib-2.0": "^2.78.0-3.2.6"
      }
    },
    "node_modules/@girs/dbusmenugtk3-0.4": {
      "version": "0.4.0-3.2.6",
      "resolved": "https://registry.npmjs.org/@girs/dbusmenugtk3-0.4/-/dbusmenugtk3-0.4-0.4.0-3.2.6.tgz",
      "integrity": "sha512-Pp5IQGzaORCmPzReLJlNv3cfetk/bz1DpszaUfCFpBCXDwLRyy/2OYyhwOwAtquJzgZ1QmCOkRQJnUfNP327VA==",
      "dev": true,
      "dependencies": {
        "@girs/atk-1.0": "^2.50.0-3.2.6",
        "@girs/cairo-1.0": "^1.0.0-3.2.6",
        "@girs/dbusmenu-0.4": "^0.4.0-3.2.6",
        "@girs/freetype2-2.0": "^2.0.0-3.2.6",
        "@girs/gdk-3.0": "^3.24.38-3.2.6",
        "@girs/gdkpixbuf-2.0": "^2.0.0-3.2.6",
        "@girs/gio-2.0": "^2.78.0-3.2.6",
        "@girs/gjs": "^3.2.6",
        "@girs/glib-2.0": "^2.78.0-3.2.6",
        "@girs/gmodule-2.0": "^2.0.0-3.2.6",
        "@girs/gobject-2.0": "^2.78.0-3.2.6",
        "@girs/gtk-3.0": "^3.24.38-3.2.6",
        "@girs/harfbuzz-0.0": "^8.2.1-3.2.6",
        "@girs/pango-1.0": "^1.51.0-3.2.6",
        "@girs/xlib-2.0": "^2.0.0-3.2.6"
      }
    },
    "node_modules/@girs/dbusmenugtk3-0.4/node_modules/@girs/gobject-2.0": {
      "version": "2.78.0-3.2.6",
      "resolved": "https://registry.npmjs.org/@girs/gobject-2.0/-/gobject-2.0-2.78.0-3.2.6.tgz",
      "integrity": "sha512-Yyy+hTpczMgkdgVADnSt4idEa29ZKFIbQTHjZutsUkn2kF3fxQMD7fQUpr03d0DSXY7gLKMwDtXq4XkH4cy0lg==",
      "dev": true,
      "dependencies": {
        "@girs/gjs": "^3.2.6",
        "@girs/glib-2.0": "^2.78.0-3.2.6"
      }
    },
    "node_modules/@girs/dbusmenugtk3-0.4/node_modules/@girs/gtk-3.0": {
      "version": "3.24.38-3.2.6",
      "resolved": "https://registry.npmjs.org/@girs/gtk-3.0/-/gtk-3.0-3.24.38-3.2.6.tgz",
      "integrity": "sha512-dwPSOqGQiX9Fh5IHE5avVR5vFaDuCElbXRpdI++mvAszMD8C/0DQ4/CwUbSlXMMo42IrXGzJG3LuI+o3DWlv8A==",
      "dev": true,
      "dependencies": {
        "@girs/atk-1.0": "^2.50.0-3.2.6",
        "@girs/cairo-1.0": "^1.0.0-3.2.6",
        "@girs/freetype2-2.0": "^2.0.0-3.2.6",
        "@girs/gdk-3.0": "^3.24.38-3.2.6",
        "@girs/gdkpixbuf-2.0": "^2.0.0-3.2.6",
        "@girs/gio-2.0": "^2.78.0-3.2.6",
        "@girs/gjs": "^3.2.6",
        "@girs/glib-2.0": "^2.78.0-3.2.6",
        "@girs/gmodule-2.0": "^2.0.0-3.2.6",
        "@girs/gobject-2.0": "^2.78.0-3.2.6",
        "@girs/harfbuzz-0.0": "^8.2.1-3.2.6",
        "@girs/pango-1.0": "^1.51.0-3.2.6",
        "@girs/xlib-2.0": "^2.0.0-3.2.6"
      }
    },
    "node_modules/@girs/freetype2-2.0": {
      "version": "2.0.0-3.2.6",
      "resolved": "https://registry.npmjs.org/@girs/freetype2-2.0/-/freetype2-2.0-2.0.0-3.2.6.tgz",
      "integrity": "sha512-E8utYdnopbL0DxArc6KE95824xuWomzkEydVxNsaJqksusvItJR9T85JhQeHwtcKZbfxuFvrglO8cCCL7LrCLA==",
      "dev": true,
      "dependencies": {
        "@girs/gjs": "^3.2.6",
        "@girs/gobject-2.0": "^2.78.0-3.2.6"
      }
    },
    "node_modules/@girs/freetype2-2.0/node_modules/@girs/gobject-2.0": {
      "version": "2.78.0-3.2.6",
      "resolved": "https://registry.npmjs.org/@girs/gobject-2.0/-/gobject-2.0-2.78.0-3.2.6.tgz",
      "integrity": "sha512-Yyy+hTpczMgkdgVADnSt4idEa29ZKFIbQTHjZutsUkn2kF3fxQMD7fQUpr03d0DSXY7gLKMwDtXq4XkH4cy0lg==",
      "dev": true,
      "dependencies": {
        "@girs/gjs": "^3.2.6",
        "@girs/glib-2.0": "^2.78.0-3.2.6"
      }
    },
    "node_modules/@girs/gdk-3.0": {
      "version": "3.24.38-3.2.6",
      "resolved": "https://registry.npmjs.org/@girs/gdk-3.0/-/gdk-3.0-3.24.38-3.2.6.tgz",
      "integrity": "sha512-fUwufZiZ3/BWniI+wwHF9hrdNKIOKKq9SSiM0YV/1MpBgsMYTOKMwCan5kHDWQLVYMua86J2uWO3G0E2d/eGBw==",
      "dev": true,
      "dependencies": {
        "@girs/cairo-1.0": "^1.0.0-3.2.6",
        "@girs/freetype2-2.0": "^2.0.0-3.2.6",
        "@girs/gdkpixbuf-2.0": "^2.0.0-3.2.6",
        "@girs/gio-2.0": "^2.78.0-3.2.6",
        "@girs/gjs": "^3.2.6",
        "@girs/glib-2.0": "^2.78.0-3.2.6",
        "@girs/gmodule-2.0": "^2.0.0-3.2.6",
        "@girs/gobject-2.0": "^2.78.0-3.2.6",
        "@girs/harfbuzz-0.0": "^8.2.1-3.2.6",
        "@girs/pango-1.0": "^1.51.0-3.2.6"
      }
    },
    "node_modules/@girs/gdk-3.0/node_modules/@girs/gobject-2.0": {
      "version": "2.78.0-3.2.6",
      "resolved": "https://registry.npmjs.org/@girs/gobject-2.0/-/gobject-2.0-2.78.0-3.2.6.tgz",
      "integrity": "sha512-Yyy+hTpczMgkdgVADnSt4idEa29ZKFIbQTHjZutsUkn2kF3fxQMD7fQUpr03d0DSXY7gLKMwDtXq4XkH4cy0lg==",
      "dev": true,
      "dependencies": {
        "@girs/gjs": "^3.2.6",
        "@girs/glib-2.0": "^2.78.0-3.2.6"
      }
    },
    "node_modules/@girs/gdkpixbuf-2.0": {
      "version": "2.0.0-3.2.6",
      "resolved": "https://registry.npmjs.org/@girs/gdkpixbuf-2.0/-/gdkpixbuf-2.0-2.0.0-3.2.6.tgz",
      "integrity": "sha512-iJyUeBzd09Qz6XgfCU0j22cG9xUmRW7V2Y8Uak04NEDt0JmbjIsTnsLUS1dtJ+pJH7+qccijJHVzTbQPnNVUsQ==",
      "dev": true,
      "dependencies": {
        "@girs/gio-2.0": "^2.78.0-3.2.6",
        "@girs/gjs": "^3.2.6",
        "@girs/glib-2.0": "^2.78.0-3.2.6",
        "@girs/gmodule-2.0": "^2.0.0-3.2.6",
        "@girs/gobject-2.0": "^2.78.0-3.2.6"
      }
    },
    "node_modules/@girs/gdkpixbuf-2.0/node_modules/@girs/gobject-2.0": {
      "version": "2.78.0-3.2.6",
      "resolved": "https://registry.npmjs.org/@girs/gobject-2.0/-/gobject-2.0-2.78.0-3.2.6.tgz",
      "integrity": "sha512-Yyy+hTpczMgkdgVADnSt4idEa29ZKFIbQTHjZutsUkn2kF3fxQMD7fQUpr03d0DSXY7gLKMwDtXq4XkH4cy0lg==",
      "dev": true,
      "dependencies": {
        "@girs/gjs": "^3.2.6",
        "@girs/glib-2.0": "^2.78.0-3.2.6"
      }
    },
    "node_modules/@girs/gio-2.0": {
      "version": "2.78.0-3.2.6",
      "resolved": "https://registry.npmjs.org/@girs/gio-2.0/-/gio-2.0-2.78.0-3.2.6.tgz",
      "integrity": "sha512-MmPAB3gB5V2I5sfrbsj9D5/+iIcbkfqDYq8fAgLXav558xSDNjux+lNykxawL1oCNcxr+kC2PguYhnLEFCgxmA==",
      "dev": true,
      "dependencies": {
        "@girs/gjs": "^3.2.6",
        "@girs/glib-2.0": "^2.78.0-3.2.6",
        "@girs/gobject-2.0": "^2.78.0-3.2.6"
      }
    },
    "node_modules/@girs/gio-2.0/node_modules/@girs/gobject-2.0": {
      "version": "2.78.0-3.2.6",
      "resolved": "https://registry.npmjs.org/@girs/gobject-2.0/-/gobject-2.0-2.78.0-3.2.6.tgz",
      "integrity": "sha512-Yyy+hTpczMgkdgVADnSt4idEa29ZKFIbQTHjZutsUkn2kF3fxQMD7fQUpr03d0DSXY7gLKMwDtXq4XkH4cy0lg==",
      "dev": true,
      "dependencies": {
        "@girs/gjs": "^3.2.6",
        "@girs/glib-2.0": "^2.78.0-3.2.6"
      }
    },
    "node_modules/@girs/gjs": {
      "version": "3.2.6",
      "resolved": "https://registry.npmjs.org/@girs/gjs/-/gjs-3.2.6.tgz",
      "integrity": "sha512-PY1i3RzkTw+kp/OKalPg5O6BHEiBq82PPq41GDivlkbrWcY1fX4UqcdjXBU7L0mRFd2po8ciVW9J0/yheyXXIg==",
      "dev": true,
      "dependencies": {
        "@girs/glib-2.0": "^2.78.0-3.2.6",
        "@girs/gobject-2.0": "^2.78.0-3.2.6"
      }
    },
    "node_modules/@girs/gjs/node_modules/@girs/gobject-2.0": {
      "version": "2.78.0-3.2.6",
      "resolved": "https://registry.npmjs.org/@girs/gobject-2.0/-/gobject-2.0-2.78.0-3.2.6.tgz",
      "integrity": "sha512-Yyy+hTpczMgkdgVADnSt4idEa29ZKFIbQTHjZutsUkn2kF3fxQMD7fQUpr03d0DSXY7gLKMwDtXq4XkH4cy0lg==",
      "dev": true,
      "dependencies": {
        "@girs/gjs": "^3.2.6",
        "@girs/glib-2.0": "^2.78.0-3.2.6"
      }
    },
    "node_modules/@girs/glib-2.0": {
      "version": "2.78.0-3.2.6",
      "resolved": "https://registry.npmjs.org/@girs/glib-2.0/-/glib-2.0-2.78.0-3.2.6.tgz",
      "integrity": "sha512-grdCdAH+mfdzoz5iMNKsvu+BSaJWaCdLcMyoa0tq/+Rz84D/2GmLslyomjFXzA7Xr6BrIXOzgHaTuRrCZNtnmw==",
      "dev": true,
      "dependencies": {
        "@girs/gjs": "^3.2.6",
        "@girs/gobject-2.0": "^2.78.0-3.2.6"
      }
    },
    "node_modules/@girs/glib-2.0/node_modules/@girs/gobject-2.0": {
      "version": "2.78.0-3.2.6",
      "resolved": "https://registry.npmjs.org/@girs/gobject-2.0/-/gobject-2.0-2.78.0-3.2.6.tgz",
      "integrity": "sha512-Yyy+hTpczMgkdgVADnSt4idEa29ZKFIbQTHjZutsUkn2kF3fxQMD7fQUpr03d0DSXY7gLKMwDtXq4XkH4cy0lg==",
      "dev": true,
      "dependencies": {
        "@girs/gjs": "^3.2.6",
        "@girs/glib-2.0": "^2.78.0-3.2.6"
      }
    },
    "node_modules/@girs/gmodule-2.0": {
      "version": "2.0.0-3.2.6",
      "resolved": "https://registry.npmjs.org/@girs/gmodule-2.0/-/gmodule-2.0-2.0.0-3.2.6.tgz",
      "integrity": "sha512-KNkdMFTH0vzJMO/aIkLzue8xO0Oz+BlX8SbP+yVzEMtb+jlFzLd3VxA1W+60V3xpxkzSZbXbdCuSjBOx9hSaSA==",
      "dev": true,
      "dependencies": {
        "@girs/gjs": "^3.2.6",
        "@girs/glib-2.0": "^2.78.0-3.2.6",
        "@girs/gobject-2.0": "^2.78.0-3.2.6"
      }
    },
    "node_modules/@girs/gmodule-2.0/node_modules/@girs/gobject-2.0": {
      "version": "2.78.0-3.2.6",
      "resolved": "https://registry.npmjs.org/@girs/gobject-2.0/-/gobject-2.0-2.78.0-3.2.6.tgz",
      "integrity": "sha512-Yyy+hTpczMgkdgVADnSt4idEa29ZKFIbQTHjZutsUkn2kF3fxQMD7fQUpr03d0DSXY7gLKMwDtXq4XkH4cy0lg==",
      "dev": true,
      "dependencies": {
        "@girs/gjs": "^3.2.6",
        "@girs/glib-2.0": "^2.78.0-3.2.6"
      }
    },
    "node_modules/@girs/gobject-2.0": {
      "version": "2.76.1-3.2.3",
      "resolved": "https://registry.npmjs.org/@girs/gobject-2.0/-/gobject-2.0-2.76.1-3.2.3.tgz",
      "integrity": "sha512-9X35d1ZRO4xY9b0iOm51MwjfbgvOGQtNs2A9IWcSlaoI4LB5mCRlPlQ1UFhpqcbbmdrL+Cce/0p3F36x5rn/dg==",
      "dev": true,
      "dependencies": {
        "@girs/gjs": "^3.2.3",
        "@girs/glib-2.0": "^2.76.1-3.2.3"
      }
    },
    "node_modules/@girs/gobject-2.0/node_modules/@girs/glib-2.0": {
      "version": "2.76.1-3.2.3",
      "resolved": "https://registry.npmjs.org/@girs/glib-2.0/-/glib-2.0-2.76.1-3.2.3.tgz",
      "integrity": "sha512-pY/ZE2WPco9E8Cz5+wTqxEOdVpipEQBRDJXVd/KQCoRjTSvgoMLLEE8B84W0LgOgR8ns99XtGZrf0U0y4qFqyA==",
      "dev": true,
      "dependencies": {
        "@girs/gjs": "^3.2.3",
        "@girs/gobject-2.0": "^2.76.1-3.2.3"
      }
    },
    "node_modules/@girs/gtk-3.0": {
      "version": "3.24.39-3.2.2",
      "resolved": "https://registry.npmjs.org/@girs/gtk-3.0/-/gtk-3.0-3.24.39-3.2.2.tgz",
      "integrity": "sha512-s12hGKHGM+aHD6ESOP0RhWaCV17ls6gIHLdtIMxFkHqV/2G146jowfl92c5IAzOgD7mS5ZvUmVRNrW4idY1BUQ==",
      "dev": true,
      "dependencies": {
        "@girs/atk-1.0": "^2.45.1-3.2.2",
        "@girs/cairo-1.0": "^1.0.0-3.2.2",
        "@girs/freetype2-2.0": "^2.0.0-3.2.2",
        "@girs/gdk-3.0": "^3.24.39-3.2.2",
        "@girs/gdkpixbuf-2.0": "^2.0.0-3.2.2",
        "@girs/gio-2.0": "^2.77.0-3.2.2",
        "@girs/gjs": "^3.2.2",
        "@girs/glib-2.0": "^2.77.0-3.2.2",
        "@girs/gmodule-2.0": "^2.0.0-3.2.2",
        "@girs/gobject-2.0": "^2.77.0-3.2.2",
        "@girs/harfbuzz-0.0": "^7.1.0-3.2.2",
        "@girs/pango-1.0": "^1.51.0-3.2.2",
        "@girs/xlib-2.0": "^2.0.0-3.2.2"
      }
    },
    "node_modules/@girs/gtk-3.0/node_modules/@girs/atk-1.0": {
      "version": "2.45.1-3.2.2",
      "resolved": "https://registry.npmjs.org/@girs/atk-1.0/-/atk-1.0-2.45.1-3.2.2.tgz",
      "integrity": "sha512-+ba+w8s3CuIHBXNtfUtqbMy+lpa+SxY+ksu5i9QSINvKod6RHXSglXYiRAjKsP3nVyTc+FaF7ymYvqGbM42HHw==",
      "dev": true,
      "dependencies": {
        "@girs/gjs": "^3.2.2",
        "@girs/glib-2.0": "^2.77.0-3.2.2",
        "@girs/gobject-2.0": "^2.77.0-3.2.2"
      }
    },
    "node_modules/@girs/gtk-3.0/node_modules/@girs/gdk-3.0": {
      "version": "3.24.39-3.2.2",
      "resolved": "https://registry.npmjs.org/@girs/gdk-3.0/-/gdk-3.0-3.24.39-3.2.2.tgz",
      "integrity": "sha512-nZ6DUQ/UfcW2y3ZtE1pfhBgerUkacXYpCuHJB2cp2moWHt82/w5H7zsUSr43rSzQqkFZCPQOsjUSX0VAJQfYTw==",
      "dev": true,
      "dependencies": {
        "@girs/cairo-1.0": "^1.0.0-3.2.2",
        "@girs/freetype2-2.0": "^2.0.0-3.2.2",
        "@girs/gdkpixbuf-2.0": "^2.0.0-3.2.2",
        "@girs/gio-2.0": "^2.77.0-3.2.2",
        "@girs/gjs": "^3.2.2",
        "@girs/glib-2.0": "^2.77.0-3.2.2",
        "@girs/gmodule-2.0": "^2.0.0-3.2.2",
        "@girs/gobject-2.0": "^2.77.0-3.2.2",
        "@girs/harfbuzz-0.0": "^7.1.0-3.2.2",
        "@girs/pango-1.0": "^1.51.0-3.2.2"
      }
    },
    "node_modules/@girs/gtk-3.0/node_modules/@girs/gio-2.0": {
      "version": "2.77.0-3.2.2",
      "resolved": "https://registry.npmjs.org/@girs/gio-2.0/-/gio-2.0-2.77.0-3.2.2.tgz",
      "integrity": "sha512-AwxseNiPYXcPo5piyBc3Vb/+7ednxZgj2fcqOgys6Hmp40FrhNJphr4et87UBT1MOTA4sb4fyJNsSdQ2y9dfYQ==",
      "dev": true,
      "dependencies": {
        "@girs/gjs": "^3.2.2",
        "@girs/glib-2.0": "^2.77.0-3.2.2",
        "@girs/gobject-2.0": "^2.77.0-3.2.2"
      }
    },
    "node_modules/@girs/gtk-3.0/node_modules/@girs/glib-2.0": {
      "version": "2.77.0-3.2.2",
      "resolved": "https://registry.npmjs.org/@girs/glib-2.0/-/glib-2.0-2.77.0-3.2.2.tgz",
      "integrity": "sha512-cFWgYKKBR58+er7MOYTFcws5MHEQUD74VaGUEBLUTjFh9EsyIXOOcaU+Z6cteObGDo9ZYdlr8RBAdKI8H18sqQ==",
      "dev": true,
      "dependencies": {
        "@girs/gjs": "^3.2.2",
        "@girs/gobject-2.0": "^2.77.0-3.2.2"
      }
    },
    "node_modules/@girs/gtk-3.0/node_modules/@girs/gobject-2.0": {
      "version": "2.77.0-3.2.2",
      "resolved": "https://registry.npmjs.org/@girs/gobject-2.0/-/gobject-2.0-2.77.0-3.2.2.tgz",
      "integrity": "sha512-psnnFhNY+49SXzdTDpHwnySMTDtHYDP9rxMx1Xb1UVE1JaxwuI0YLrylt+Zv0boGczmwol8afxZw2Z9TnSSocg==",
      "dev": true,
      "dependencies": {
        "@girs/gjs": "^3.2.2",
        "@girs/glib-2.0": "^2.77.0-3.2.2"
      }
    },
    "node_modules/@girs/gtk-3.0/node_modules/@girs/harfbuzz-0.0": {
      "version": "7.1.0-3.2.3",
      "resolved": "https://registry.npmjs.org/@girs/harfbuzz-0.0/-/harfbuzz-0.0-7.1.0-3.2.3.tgz",
      "integrity": "sha512-z9fpiJBni97ioU2f1BIrfHCoTD2HDt0h2kaa0EL9n6DvzhntRXUc56cRRRohhXMyIwfUJmMOPuiqMFTI8kt4OQ==",
      "dev": true,
      "dependencies": {
        "@girs/freetype2-2.0": "^2.0.0-3.2.3",
        "@girs/gjs": "^3.2.3",
        "@girs/glib-2.0": "^2.76.1-3.2.3",
        "@girs/gobject-2.0": "^2.76.1-3.2.3"
      }
    },
    "node_modules/@girs/gtk-3.0/node_modules/@girs/harfbuzz-0.0/node_modules/@girs/glib-2.0": {
      "version": "2.76.1-3.2.3",
      "resolved": "https://registry.npmjs.org/@girs/glib-2.0/-/glib-2.0-2.76.1-3.2.3.tgz",
      "integrity": "sha512-pY/ZE2WPco9E8Cz5+wTqxEOdVpipEQBRDJXVd/KQCoRjTSvgoMLLEE8B84W0LgOgR8ns99XtGZrf0U0y4qFqyA==",
      "dev": true,
      "dependencies": {
        "@girs/gjs": "^3.2.3",
        "@girs/gobject-2.0": "^2.76.1-3.2.3"
      }
    },
    "node_modules/@girs/gtk-3.0/node_modules/@girs/harfbuzz-0.0/node_modules/@girs/gobject-2.0": {
      "version": "2.76.1-3.2.3",
      "resolved": "https://registry.npmjs.org/@girs/gobject-2.0/-/gobject-2.0-2.76.1-3.2.3.tgz",
      "integrity": "sha512-9X35d1ZRO4xY9b0iOm51MwjfbgvOGQtNs2A9IWcSlaoI4LB5mCRlPlQ1UFhpqcbbmdrL+Cce/0p3F36x5rn/dg==",
      "dev": true,
      "dependencies": {
        "@girs/gjs": "^3.2.3",
        "@girs/glib-2.0": "^2.76.1-3.2.3"
      }
    },
    "node_modules/@girs/gvc-1.0": {
      "version": "1.0.0-3.2.6",
      "resolved": "https://registry.npmjs.org/@girs/gvc-1.0/-/gvc-1.0-1.0.0-3.2.6.tgz",
      "integrity": "sha512-jScCsKYdtxt3b7qHfsinAZ8T93NWPKakw1PVX1tor9UFCJTCUqDaISzeo8Z7mfQU2pSiLNyNfkg1rTEUw2ciAQ==",
      "dev": true,
      "dependencies": {
        "@girs/gio-2.0": "^2.78.0-3.2.6",
        "@girs/gjs": "^3.2.6",
        "@girs/glib-2.0": "^2.78.0-3.2.6",
        "@girs/gobject-2.0": "^2.78.0-3.2.6"
      }
    },
    "node_modules/@girs/gvc-1.0/node_modules/@girs/gobject-2.0": {
      "version": "2.78.0-3.2.6",
      "resolved": "https://registry.npmjs.org/@girs/gobject-2.0/-/gobject-2.0-2.78.0-3.2.6.tgz",
      "integrity": "sha512-Yyy+hTpczMgkdgVADnSt4idEa29ZKFIbQTHjZutsUkn2kF3fxQMD7fQUpr03d0DSXY7gLKMwDtXq4XkH4cy0lg==",
      "dev": true,
      "dependencies": {
        "@girs/gjs": "^3.2.6",
        "@girs/glib-2.0": "^2.78.0-3.2.6"
      }
    },
    "node_modules/@girs/harfbuzz-0.0": {
      "version": "8.2.1-3.2.6",
      "resolved": "https://registry.npmjs.org/@girs/harfbuzz-0.0/-/harfbuzz-0.0-8.2.1-3.2.6.tgz",
      "integrity": "sha512-SHaXwp01mfWxwAJAtagZ/b+dnqGnjzr/9qLv3KUEfBx1P3eI6oSB0xbpi+c/yXrrbIjZd1vuVkCsdchy+Spj8w==",
      "dev": true,
      "dependencies": {
        "@girs/freetype2-2.0": "^2.0.0-3.2.6",
        "@girs/gjs": "^3.2.6",
        "@girs/glib-2.0": "^2.78.0-3.2.6",
        "@girs/gobject-2.0": "^2.78.0-3.2.6"
      }
    },
    "node_modules/@girs/harfbuzz-0.0/node_modules/@girs/gobject-2.0": {
      "version": "2.78.0-3.2.6",
      "resolved": "https://registry.npmjs.org/@girs/gobject-2.0/-/gobject-2.0-2.78.0-3.2.6.tgz",
      "integrity": "sha512-Yyy+hTpczMgkdgVADnSt4idEa29ZKFIbQTHjZutsUkn2kF3fxQMD7fQUpr03d0DSXY7gLKMwDtXq4XkH4cy0lg==",
      "dev": true,
      "dependencies": {
        "@girs/gjs": "^3.2.6",
        "@girs/glib-2.0": "^2.78.0-3.2.6"
      }
    },
    "node_modules/@girs/nm-1.0": {
      "version": "1.43.1-3.1.0",
      "resolved": "https://registry.npmjs.org/@girs/nm-1.0/-/nm-1.0-1.43.1-3.1.0.tgz",
      "integrity": "sha512-2jawCPFAFlBmlsQ0334+SIYZJ1zXiHClU0PRiPZPAuOx+NzIpvAjEjprynrwFHwZ2azjmSjFp5AQ/wTTiDLJ/g==",
      "dev": true,
      "dependencies": {
        "@girs/gio-2.0": "^2.76.1-3.1.0",
        "@girs/gjs": "^3.1.0",
        "@girs/glib-2.0": "^2.76.1-3.1.0",
        "@girs/gobject-2.0": "^2.76.1-3.1.0"
      }
    },
    "node_modules/@girs/nm-1.0/node_modules/@girs/gio-2.0": {
      "version": "2.76.1-3.2.3",
      "resolved": "https://registry.npmjs.org/@girs/gio-2.0/-/gio-2.0-2.76.1-3.2.3.tgz",
      "integrity": "sha512-6SK2z2YsZrxdoumXW7taI1S2HIBvWcFoKWAot0A5coMskJOnt6HnNxIMTBbN5YhkOs855YHqfaLYeNNU3Y3M2A==",
      "dev": true,
      "dependencies": {
        "@girs/gjs": "^3.2.3",
        "@girs/glib-2.0": "^2.76.1-3.2.3",
        "@girs/gobject-2.0": "^2.76.1-3.2.3"
      }
    },
    "node_modules/@girs/nm-1.0/node_modules/@girs/glib-2.0": {
      "version": "2.76.1-3.2.3",
      "resolved": "https://registry.npmjs.org/@girs/glib-2.0/-/glib-2.0-2.76.1-3.2.3.tgz",
      "integrity": "sha512-pY/ZE2WPco9E8Cz5+wTqxEOdVpipEQBRDJXVd/KQCoRjTSvgoMLLEE8B84W0LgOgR8ns99XtGZrf0U0y4qFqyA==",
      "dev": true,
      "dependencies": {
        "@girs/gjs": "^3.2.3",
        "@girs/gobject-2.0": "^2.76.1-3.2.3"
      }
    },
    "node_modules/@girs/pango-1.0": {
      "version": "1.51.0-3.2.6",
      "resolved": "https://registry.npmjs.org/@girs/pango-1.0/-/pango-1.0-1.51.0-3.2.6.tgz",
      "integrity": "sha512-8c+YXB/+OkEM0EZ3t2czVLPutklUF3AQFb6lYHrdzIYSmdMDUNCHT2dJ85ug1SKHZ/HfKl/bsMz9PTqXGYIT8Q==",
      "dev": true,
      "dependencies": {
        "@girs/cairo-1.0": "^1.0.0-3.2.6",
        "@girs/freetype2-2.0": "^2.0.0-3.2.6",
        "@girs/gio-2.0": "^2.78.0-3.2.6",
        "@girs/gjs": "^3.2.6",
        "@girs/glib-2.0": "^2.78.0-3.2.6",
        "@girs/gobject-2.0": "^2.78.0-3.2.6",
        "@girs/harfbuzz-0.0": "^8.2.1-3.2.6"
      }
    },
    "node_modules/@girs/pango-1.0/node_modules/@girs/gobject-2.0": {
      "version": "2.78.0-3.2.6",
      "resolved": "https://registry.npmjs.org/@girs/gobject-2.0/-/gobject-2.0-2.78.0-3.2.6.tgz",
      "integrity": "sha512-Yyy+hTpczMgkdgVADnSt4idEa29ZKFIbQTHjZutsUkn2kF3fxQMD7fQUpr03d0DSXY7gLKMwDtXq4XkH4cy0lg==",
      "dev": true,
      "dependencies": {
        "@girs/gjs": "^3.2.6",
        "@girs/glib-2.0": "^2.78.0-3.2.6"
      }
    },
    "node_modules/@girs/xlib-2.0": {
      "version": "2.0.0-3.2.6",
      "resolved": "https://registry.npmjs.org/@girs/xlib-2.0/-/xlib-2.0-2.0.0-3.2.6.tgz",
      "integrity": "sha512-mXo+BEYQNEZp3pOahxt4Bl42YZTciWO2C0705o/ZKW6dQE5ky08wiG2t6Y8x0w6vYVeg9xWP9oz2jUOAdfTsdA==",
      "dev": true,
      "dependencies": {
        "@girs/gjs": "^3.2.6",
        "@girs/gobject-2.0": "^2.78.0-3.2.6"
      }
    },
    "node_modules/@girs/xlib-2.0/node_modules/@girs/gobject-2.0": {
      "version": "2.78.0-3.2.6",
      "resolved": "https://registry.npmjs.org/@girs/gobject-2.0/-/gobject-2.0-2.78.0-3.2.6.tgz",
      "integrity": "sha512-Yyy+hTpczMgkdgVADnSt4idEa29ZKFIbQTHjZutsUkn2kF3fxQMD7fQUpr03d0DSXY7gLKMwDtXq4XkH4cy0lg==",
      "dev": true,
      "dependencies": {
        "@girs/gjs": "^3.2.6",
        "@girs/glib-2.0": "^2.78.0-3.2.6"
      }
    },
    "node_modules/prettier": {
      "version": "3.1.1",
      "resolved": "https://registry.npmjs.org/prettier/-/prettier-3.1.1.tgz",
      "integrity": "sha512-22UbSzg8luF4UuZtzgiUOfcGM8s4tjBv6dJRT7j275NXsy2jb4aJa4NNveul5x4eqlF1wuhuR2RElK71RvmVaw==",
      "dev": true,
      "bin": {
        "prettier": "bin/prettier.cjs"
      },
      "engines": {
        "node": ">=14"
      },
      "funding": {
        "url": "https://github.com/prettier/prettier?sponsor=1"
      }
    }
  }
}
